
Microsoft Visual Studio Solution File, Format Version 12.00
# Visual Studio Version 17
VisualStudioVersion = 17.12.35707.178
MinimumVisualStudioVersion = 10.0.40219.1
Project("{FAE04EC0-301F-11D3-BF4B-00C04F79EFBC}") = "01 - Variables", "01 - Variables\01 - Variables.csproj", "{27EBDDF3-4D43-4A88-808B-4AB91C5C5092}"
EndProject
Project("{FAE04EC0-301F-11D3-BF4B-00C04F79EFBC}") = "02 - System.Console Class", "02 - System.Console Class\02 - System.Console Class.csproj", "{6A9CD7DE-60E0-496F-89E0-8267CCF75C98}"
EndProject
Project("{FAE04EC0-301F-11D3-BF4B-00C04F79EFBC}") = "03 - Expressions", "03 - Expressions\03 - Expressions.csproj", "{D95F8276-7B4E-42AA-ADC1-37E37FF1E73C}"
EndProject
Project("{FAE04EC0-301F-11D3-BF4B-00C04F79EFBC}") = "04 - Order Of Evaluations", "04 - Order Of Evaluations\04 - Order Of Evaluations.csproj", "{D0DB76C3-719F-417E-A1D3-04A36B1F4883}"
EndProject
Project("{FAE04EC0-301F-11D3-BF4B-00C04F79EFBC}") = "05 - If Statement", "05 - If Statement\05 - If Statement.csproj", "{EC3EA14A-4E85-47A2-8291-3725790B9A52}"
EndProject
Project("{FAE04EC0-301F-11D3-BF4B-00C04F79EFBC}") = "06 - Switch Statement", "06 - Switch Statement\06 - Switch Statement.csproj", "{3318D917-DBEC-4EB6-8B74-65648E9CA82E}"
EndProject
Project("{FAE04EC0-301F-11D3-BF4B-00C04F79EFBC}") = "07 - For Loop", "07 - For Loop\07 - For Loop.csproj", "{5F29FA13-330B-4A66-9B6E-F7CCC3B55AB3}"
EndProject
Project("{FAE04EC0-301F-11D3-BF4B-00C04F79EFBC}") = "08 - While Loop", "08 - While Loop\08 - While Loop.csproj", "{4D6DCBD9-EE30-4427-A7CA-884E0DC9659F}"
EndProject
Project("{FAE04EC0-301F-11D3-BF4B-00C04F79EFBC}") = "09 - Do While Loop", "09 - Do While Loop\09 - Do While Loop.csproj", "{FCBE1309-F26E-48E6-944D-0A045B3D3A23}"
EndProject
Project("{FAE04EC0-301F-11D3-BF4B-00C04F79EFBC}") = "10 - Break", "10 - Break\10 - Break.csproj", "{216C427A-FC19-442E-979E-93FA28CEB6EB}"
EndProject
Project("{FAE04EC0-301F-11D3-BF4B-00C04F79EFBC}") = "11 - Continue", "11 - Continue\11 - Continue.csproj", "{4C70E1E9-D985-439A-B26C-34C7B9D653E6}"
EndProject
Global
	GlobalSection(SolutionConfigurationPlatforms) = preSolution
		Debug|Any CPU = Debug|Any CPU
		Release|Any CPU = Release|Any CPU
	EndGlobalSection
	GlobalSection(ProjectConfigurationPlatforms) = postSolution
		{27EBDDF3-4D43-4A88-808B-4AB91C5C5092}.Debug|Any CPU.ActiveCfg = Debug|Any CPU
		{27EBDDF3-4D43-4A88-808B-4AB91C5C5092}.Debug|Any CPU.Build.0 = Debug|Any CPU
		{27EBDDF3-4D43-4A88-808B-4AB91C5C5092}.Release|Any CPU.ActiveCfg = Release|Any CPU
		{27EBDDF3-4D43-4A88-808B-4AB91C5C5092}.Release|Any CPU.Build.0 = Release|Any CPU
		{6A9CD7DE-60E0-496F-89E0-8267CCF75C98}.Debug|Any CPU.ActiveCfg = Debug|Any CPU
		{6A9CD7DE-60E0-496F-89E0-8267CCF75C98}.Debug|Any CPU.Build.0 = Debug|Any CPU
		{6A9CD7DE-60E0-496F-89E0-8267CCF75C98}.Release|Any CPU.ActiveCfg = Release|Any CPU
		{6A9CD7DE-60E0-496F-89E0-8267CCF75C98}.Release|Any CPU.Build.0 = Release|Any CPU
		{D95F8276-7B4E-42AA-ADC1-37E37FF1E73C}.Debug|Any CPU.ActiveCfg = Debug|Any CPU
		{D95F8276-7B4E-42AA-ADC1-37E37FF1E73C}.Debug|Any CPU.Build.0 = Debug|Any CPU
		{D95F8276-7B4E-42AA-ADC1-37E37FF1E73C}.Release|Any CPU.ActiveCfg = Release|Any CPU
		{D95F8276-7B4E-42AA-ADC1-37E37FF1E73C}.Release|Any CPU.Build.0 = Release|Any CPU
		{D0DB76C3-719F-417E-A1D3-04A36B1F4883}.Debug|Any CPU.ActiveCfg = Debug|Any CPU
		{D0DB76C3-719F-417E-A1D3-04A36B1F4883}.Debug|Any CPU.Build.0 = Debug|Any CPU
		{D0DB76C3-719F-417E-A1D3-04A36B1F4883}.Release|Any CPU.ActiveCfg = Release|Any CPU
		{D0DB76C3-719F-417E-A1D3-04A36B1F4883}.Release|Any CPU.Build.0 = Release|Any CPU
		{EC3EA14A-4E85-47A2-8291-3725790B9A52}.Debug|Any CPU.ActiveCfg = Debug|Any CPU
		{EC3EA14A-4E85-47A2-8291-3725790B9A52}.Debug|Any CPU.Build.0 = Debug|Any CPU
		{EC3EA14A-4E85-47A2-8291-3725790B9A52}.Release|Any CPU.ActiveCfg = Release|Any CPU
		{EC3EA14A-4E85-47A2-8291-3725790B9A52}.Release|Any CPU.Build.0 = Release|Any CPU
		{3318D917-DBEC-4EB6-8B74-65648E9CA82E}.Debug|Any CPU.ActiveCfg = Debug|Any CPU
		{3318D917-DBEC-4EB6-8B74-65648E9CA82E}.Debug|Any CPU.Build.0 = Debug|Any CPU
		{3318D917-DBEC-4EB6-8B74-65648E9CA82E}.Release|Any CPU.ActiveCfg = Release|Any CPU
		{3318D917-DBEC-4EB6-8B74-65648E9CA82E}.Release|Any CPU.Build.0 = Release|Any CPU
		{5F29FA13-330B-4A66-9B6E-F7CCC3B55AB3}.Debug|Any CPU.ActiveCfg = Debug|Any CPU
		{5F29FA13-330B-4A66-9B6E-F7CCC3B55AB3}.Debug|Any CPU.Build.0 = Debug|Any CPU
		{5F29FA13-330B-4A66-9B6E-F7CCC3B55AB3}.Release|Any CPU.ActiveCfg = Release|Any CPU
		{5F29FA13-330B-4A66-9B6E-F7CCC3B55AB3}.Release|Any CPU.Build.0 = Release|Any CPU
		{4D6DCBD9-EE30-4427-A7CA-884E0DC9659F}.Debug|Any CPU.ActiveCfg = Debug|Any CPU
		{4D6DCBD9-EE30-4427-A7CA-884E0DC9659F}.Debug|Any CPU.Build.0 = Debug|Any CPU
		{4D6DCBD9-EE30-4427-A7CA-884E0DC9659F}.Release|Any CPU.ActiveCfg = Release|Any CPU
		{4D6DCBD9-EE30-4427-A7CA-884E0DC9659F}.Release|Any CPU.Build.0 = Release|Any CPU
		{FCBE1309-F26E-48E6-944D-0A045B3D3A23}.Debug|Any CPU.ActiveCfg = Debug|Any CPU
		{FCBE1309-F26E-48E6-944D-0A045B3D3A23}.Debug|Any CPU.Build.0 = Debug|Any CPU
		{FCBE1309-F26E-48E6-944D-0A045B3D3A23}.Release|Any CPU.ActiveCfg = Release|Any CPU
		{FCBE1309-F26E-48E6-944D-0A045B3D3A23}.Release|Any CPU.Build.0 = Release|Any CPU
		{216C427A-FC19-442E-979E-93FA28CEB6EB}.Debug|Any CPU.ActiveCfg = Debug|Any CPU
		{216C427A-FC19-442E-979E-93FA28CEB6EB}.Debug|Any CPU.Build.0 = Debug|Any CPU
		{216C427A-FC19-442E-979E-93FA28CEB6EB}.Release|Any CPU.ActiveCfg = Release|Any CPU
		{216C427A-FC19-442E-979E-93FA28CEB6EB}.Release|Any CPU.Build.0 = Release|Any CPU
		{4C70E1E9-D985-439A-B26C-34C7B9D653E6}.Debug|Any CPU.ActiveCfg = Debug|Any CPU
		{4C70E1E9-D985-439A-B26C-34C7B9D653E6}.Debug|Any CPU.Build.0 = Debug|Any CPU
		{4C70E1E9-D985-439A-B26C-34C7B9D653E6}.Release|Any CPU.ActiveCfg = Release|Any CPU
		{4C70E1E9-D985-439A-B26C-34C7B9D653E6}.Release|Any CPU.Build.0 = Release|Any CPU
	EndGlobalSection
	GlobalSection(SolutionProperties) = preSolution
		HideSolutionNode = FALSE
	EndGlobalSection
EndGlobal
