
Microsoft Visual Studio Solution File, Format Version 12.00
# Visual Studio Version 17
VisualStudioVersion = 17.0.31903.59
MinimumVisualStudioVersion = 10.0.40219.1
Project("{FAE04EC0-301F-11D3-BF4B-00C04F79EFBC}") = "01 - Classes & Objects", "01 - Classes & Objects\01 - Classes & Objects.csproj", "{BC02E099-1472-46D9-A18B-4646F7323CE9}"
EndProject
Project("{FAE04EC0-301F-11D3-BF4B-00C04F79EFBC}") = "02 - Fields", "02 - Fields\02 - Fields.csproj", "{A4476F96-1DE4-462D-8B32-38B1CD7DA681}"
EndProject
Project("{FAE04EC0-301F-11D3-BF4B-00C04F79EFBC}") = "03 - Properties", "03 - Properties\03 - Properties.csproj", "{8682CBEA-74C0-4B23-BBFF-13FA128A59E7}"
EndProject
Project("{FAE04EC0-301F-11D3-BF4B-00C04F79EFBC}") = "04 - Methods", "04 - Methods\04 - Methods.csproj", "{F1BFB88F-3051-4AE8-9555-AA0B26F513F3}"
EndProject
Project("{FAE04EC0-301F-11D3-BF4B-00C04F79EFBC}") = "05 - Constructor", "05 - Constructor\05 - Constructor.csproj", "{9A9D5B1C-C180-4899-A692-D44457716939}"
EndProject
Project("{FAE04EC0-301F-11D3-BF4B-00C04F79EFBC}") = "06 - Primary Constructor", "06 - Primary Constructor\06 - Primary Constructor.csproj", "{9C376810-65B3-46FC-9F24-3757B209C9CF}"
EndProject
Project("{FAE04EC0-301F-11D3-BF4B-00C04F79EFBC}") = "07 - Expression-Bodied Members", "07 - Expression-Bodied Members\07 - Expression-Bodied Members.csproj", "{91F241E3-F59D-44BC-B969-36818F4B9FC6}"
EndProject
Project("{FAE04EC0-301F-11D3-BF4B-00C04F79EFBC}") = "08 - Readonly vs Const", "08 - Readonly vs Const\08 - Readonly vs Const.csproj", "{B1D56D43-D7B6-49FF-A21A-CEA16CCF447B}"
EndProject
Project("{FAE04EC0-301F-11D3-BF4B-00C04F79EFBC}") = "09 - Required", "09 - Required\09 - Required.csproj", "{4D2B6840-DF5F-437A-8645-770FE1336874}"
EndProject
Project("{FAE04EC0-301F-11D3-BF4B-00C04F79EFBC}") = "10 - Static vs Non-Static", "10 - Static vs Non-Static\10 - Static vs Non-Static.csproj", "{4563815E-ED92-4937-BA48-AD711D27AA34}"
EndProject
Global
	GlobalSection(SolutionConfigurationPlatforms) = preSolution
		Debug|Any CPU = Debug|Any CPU
		Release|Any CPU = Release|Any CPU
	EndGlobalSection
	GlobalSection(ProjectConfigurationPlatforms) = postSolution
		{BC02E099-1472-46D9-A18B-4646F7323CE9}.Debug|Any CPU.ActiveCfg = Debug|Any CPU
		{BC02E099-1472-46D9-A18B-4646F7323CE9}.Debug|Any CPU.Build.0 = Debug|Any CPU
		{BC02E099-1472-46D9-A18B-4646F7323CE9}.Release|Any CPU.ActiveCfg = Release|Any CPU
		{BC02E099-1472-46D9-A18B-4646F7323CE9}.Release|Any CPU.Build.0 = Release|Any CPU
		{A4476F96-1DE4-462D-8B32-38B1CD7DA681}.Debug|Any CPU.ActiveCfg = Debug|Any CPU
		{A4476F96-1DE4-462D-8B32-38B1CD7DA681}.Debug|Any CPU.Build.0 = Debug|Any CPU
		{A4476F96-1DE4-462D-8B32-38B1CD7DA681}.Release|Any CPU.ActiveCfg = Release|Any CPU
		{A4476F96-1DE4-462D-8B32-38B1CD7DA681}.Release|Any CPU.Build.0 = Release|Any CPU
		{8682CBEA-74C0-4B23-BBFF-13FA128A59E7}.Debug|Any CPU.ActiveCfg = Debug|Any CPU
		{8682CBEA-74C0-4B23-BBFF-13FA128A59E7}.Debug|Any CPU.Build.0 = Debug|Any CPU
		{8682CBEA-74C0-4B23-BBFF-13FA128A59E7}.Release|Any CPU.ActiveCfg = Release|Any CPU
		{8682CBEA-74C0-4B23-BBFF-13FA128A59E7}.Release|Any CPU.Build.0 = Release|Any CPU
		{9A9D5B1C-C180-4899-A692-D44457716939}.Debug|Any CPU.ActiveCfg = Debug|Any CPU
		{9A9D5B1C-C180-4899-A692-D44457716939}.Debug|Any CPU.Build.0 = Debug|Any CPU
		{9A9D5B1C-C180-4899-A692-D44457716939}.Release|Any CPU.ActiveCfg = Release|Any CPU
		{9A9D5B1C-C180-4899-A692-D44457716939}.Release|Any CPU.Build.0 = Release|Any CPU
		{9C376810-65B3-46FC-9F24-3757B209C9CF}.Debug|Any CPU.ActiveCfg = Debug|Any CPU
		{9C376810-65B3-46FC-9F24-3757B209C9CF}.Debug|Any CPU.Build.0 = Debug|Any CPU
		{9C376810-65B3-46FC-9F24-3757B209C9CF}.Release|Any CPU.ActiveCfg = Release|Any CPU
		{9C376810-65B3-46FC-9F24-3757B209C9CF}.Release|Any CPU.Build.0 = Release|Any CPU
		{F1BFB88F-3051-4AE8-9555-AA0B26F513F3}.Debug|Any CPU.ActiveCfg = Debug|Any CPU
		{F1BFB88F-3051-4AE8-9555-AA0B26F513F3}.Debug|Any CPU.Build.0 = Debug|Any CPU
		{F1BFB88F-3051-4AE8-9555-AA0B26F513F3}.Release|Any CPU.ActiveCfg = Release|Any CPU
		{F1BFB88F-3051-4AE8-9555-AA0B26F513F3}.Release|Any CPU.Build.0 = Release|Any CPU
		{91F241E3-F59D-44BC-B969-36818F4B9FC6}.Debug|Any CPU.ActiveCfg = Debug|Any CPU
		{91F241E3-F59D-44BC-B969-36818F4B9FC6}.Debug|Any CPU.Build.0 = Debug|Any CPU
		{91F241E3-F59D-44BC-B969-36818F4B9FC6}.Release|Any CPU.ActiveCfg = Release|Any CPU
		{91F241E3-F59D-44BC-B969-36818F4B9FC6}.Release|Any CPU.Build.0 = Release|Any CPU
		{B1D56D43-D7B6-49FF-A21A-CEA16CCF447B}.Debug|Any CPU.ActiveCfg = Debug|Any CPU
		{B1D56D43-D7B6-49FF-A21A-CEA16CCF447B}.Debug|Any CPU.Build.0 = Debug|Any CPU
		{B1D56D43-D7B6-49FF-A21A-CEA16CCF447B}.Release|Any CPU.ActiveCfg = Release|Any CPU
		{B1D56D43-D7B6-49FF-A21A-CEA16CCF447B}.Release|Any CPU.Build.0 = Release|Any CPU
		{4D2B6840-DF5F-437A-8645-770FE1336874}.Debug|Any CPU.ActiveCfg = Debug|Any CPU
		{4D2B6840-DF5F-437A-8645-770FE1336874}.Debug|Any CPU.Build.0 = Debug|Any CPU
		{4D2B6840-DF5F-437A-8645-770FE1336874}.Release|Any CPU.ActiveCfg = Release|Any CPU
		{4D2B6840-DF5F-437A-8645-770FE1336874}.Release|Any CPU.Build.0 = Release|Any CPU
		{4563815E-ED92-4937-BA48-AD711D27AA34}.Debug|Any CPU.ActiveCfg = Debug|Any CPU
		{4563815E-ED92-4937-BA48-AD711D27AA34}.Debug|Any CPU.Build.0 = Debug|Any CPU
		{4563815E-ED92-4937-BA48-AD711D27AA34}.Release|Any CPU.ActiveCfg = Release|Any CPU
		{4563815E-ED92-4937-BA48-AD711D27AA34}.Release|Any CPU.Build.0 = Release|Any CPU
	EndGlobalSection
	GlobalSection(SolutionProperties) = preSolution
		HideSolutionNode = FALSE
	EndGlobalSection
EndGlobal
