<Solution>
  <Project Path="01 - String Structure/01 - String Structure.csproj" />
  <Project Path="02 - String Interpolation/02 - String Interpolation.csproj" />
  <Project Path="03 - Escape Sequences/03 - Escape Sequences.csproj" />
  <Project Path="04 - Verbatim String Literals/04 - Verbatim String Literals.csproj" />
  <Project Path="05 - Raw String Literals/05 - Raw String Literals.csproj" />
  <Project Path="06 - StringBuilder/06 - StringBuilder.csproj" />
  <Project Path="07 - String Operations/07 - String Operations.csproj" />
</Solution>
