<Solution>
  <Project Path="01 - String Structure/01 - String Structure.csproj" />
  <Project Path="02 - Escape Sequences/02 - Escape Sequences.csproj" />
  <Project Path="03 - Verbatim String Literals/03 - Verbatim String Literals.csproj" />
  <Project Path="04 - Raw String Literals/04 - Raw String Literals.csproj" />
  <Project Path="05 - StringBuilder/05 - StringBuilder.csproj" />
  <Project Path="06 - String Operations/06 - String Operations.csproj" />
</Solution>
